
Microsoft Visual Studio Solution File, Format Version 12.00
# Visual Studio Version 17
VisualStudioVersion = 17.8.34330.188
MinimumVisualStudioVersion = 10.0.40219.1
Project("{FAE04EC0-301F-11D3-BF4B-00C04F79EFBC}") = "2", "2\2.csproj", "{CA5F97D2-12E8-43BF-8817-F4A1C5F011DE}"
EndProject
Global
	GlobalSection(SolutionConfigurationPlatforms) = preSolution
		Debug|Any CPU = Debug|Any CPU
		Release|Any CPU = Release|Any CPU
	EndGlobalSection
	GlobalSection(ProjectConfigurationPlatforms) = postSolution
		{CA5F97D2-12E8-43BF-8817-F4A1C5F011DE}.Debug|Any CPU.ActiveCfg = Debug|Any CPU
		{CA5F97D2-12E8-43BF-8817-F4A1C5F011DE}.Debug|Any CPU.Build.0 = Debug|Any CPU
		{CA5F97D2-12E8-43BF-8817-F4A1C5F011DE}.Release|Any CPU.ActiveCfg = Release|Any CPU
		{CA5F97D2-12E8-43BF-8817-F4A1C5F011DE}.Release|Any CPU.Build.0 = Release|Any CPU
	EndGlobalSection
	GlobalSection(SolutionProperties) = preSolution
		HideSolutionNode = FALSE
	EndGlobalSection
	GlobalSection(ExtensibilityGlobals) = postSolution
		SolutionGuid = {5A884B83-D448-4A79-BFA0-3C203C6C11F9}
	EndGlobalSection
EndGlobal
