
Microsoft Visual Studio Solution File, Format Version 12.00
# Visual Studio Version 17
VisualStudioVersion = 17.8.34330.188
MinimumVisualStudioVersion = 10.0.40219.1
Project("{FAE04EC0-301F-11D3-BF4B-00C04F79EFBC}") = "IP", "IP\IP.csproj", "{EBD719B2-EA0B-46C1-956E-CDB6CE946B2E}"
EndProject
Project("{FAE04EC0-301F-11D3-BF4B-00C04F79EFBC}") = "app", "app\app.csproj", "{D3F90AD1-9BC5-48ED-A7D6-891DED3B7D4E}"
EndProject
Global
	GlobalSection(SolutionConfigurationPlatforms) = preSolution
		Debug|Any CPU = Debug|Any CPU
		Release|Any CPU = Release|Any CPU
	EndGlobalSection
	GlobalSection(ProjectConfigurationPlatforms) = postSolution
		{EBD719B2-EA0B-46C1-956E-CDB6CE946B2E}.Debug|Any CPU.ActiveCfg = Debug|Any CPU
		{EBD719B2-EA0B-46C1-956E-CDB6CE946B2E}.Debug|Any CPU.Build.0 = Debug|Any CPU
		{EBD719B2-EA0B-46C1-956E-CDB6CE946B2E}.Release|Any CPU.ActiveCfg = Release|Any CPU
		{EBD719B2-EA0B-46C1-956E-CDB6CE946B2E}.Release|Any CPU.Build.0 = Release|Any CPU
		{D3F90AD1-9BC5-48ED-A7D6-891DED3B7D4E}.Debug|Any CPU.ActiveCfg = Debug|Any CPU
		{D3F90AD1-9BC5-48ED-A7D6-891DED3B7D4E}.Debug|Any CPU.Build.0 = Debug|Any CPU
		{D3F90AD1-9BC5-48ED-A7D6-891DED3B7D4E}.Release|Any CPU.ActiveCfg = Release|Any CPU
		{D3F90AD1-9BC5-48ED-A7D6-891DED3B7D4E}.Release|Any CPU.Build.0 = Release|Any CPU
	EndGlobalSection
	GlobalSection(SolutionProperties) = preSolution
		HideSolutionNode = FALSE
	EndGlobalSection
	GlobalSection(ExtensibilityGlobals) = postSolution
		SolutionGuid = {F36B5212-E25E-420C-A894-A3679D3903E5}
	EndGlobalSection
EndGlobal
