
Microsoft Visual Studio Solution File, Format Version 12.00
# Visual Studio Version 17
VisualStudioVersion = 17.8.34330.188
MinimumVisualStudioVersion = 10.0.40219.1
Project("{FAE04EC0-301F-11D3-BF4B-00C04F79EFBC}") = "bai2", "bai2\bai2.csproj", "{219C0975-27BE-4639-BA32-E7A49227CB8C}"
EndProject
Global
	GlobalSection(SolutionConfigurationPlatforms) = preSolution
		Debug|Any CPU = Debug|Any CPU
		Release|Any CPU = Release|Any CPU
	EndGlobalSection
	GlobalSection(ProjectConfigurationPlatforms) = postSolution
		{219C0975-27BE-4639-BA32-E7A49227CB8C}.Debug|Any CPU.ActiveCfg = Debug|Any CPU
		{219C0975-27BE-4639-BA32-E7A49227CB8C}.Debug|Any CPU.Build.0 = Debug|Any CPU
		{219C0975-27BE-4639-BA32-E7A49227CB8C}.Release|Any CPU.ActiveCfg = Release|Any CPU
		{219C0975-27BE-4639-BA32-E7A49227CB8C}.Release|Any CPU.Build.0 = Release|Any CPU
	EndGlobalSection
	GlobalSection(SolutionProperties) = preSolution
		HideSolutionNode = FALSE
	EndGlobalSection
	GlobalSection(ExtensibilityGlobals) = postSolution
		SolutionGuid = {B1B14FF8-39E4-4502-B53A-D10CCE67E32C}
	EndGlobalSection
EndGlobal
