
Microsoft Visual Studio Solution File, Format Version 12.00
# Visual Studio Version 17
VisualStudioVersion = 17.8.34330.188
MinimumVisualStudioVersion = 10.0.40219.1
Project("{FAE04EC0-301F-11D3-BF4B-00C04F79EFBC}") = "beta6", "beta6\beta6.csproj", "{94EF746A-075A-47B6-8E03-66CA8A594D9E}"
EndProject
Global
	GlobalSection(SolutionConfigurationPlatforms) = preSolution
		Debug|Any CPU = Debug|Any CPU
		Release|Any CPU = Release|Any CPU
	EndGlobalSection
	GlobalSection(ProjectConfigurationPlatforms) = postSolution
		{94EF746A-075A-47B6-8E03-66CA8A594D9E}.Debug|Any CPU.ActiveCfg = Debug|Any CPU
		{94EF746A-075A-47B6-8E03-66CA8A594D9E}.Debug|Any CPU.Build.0 = Debug|Any CPU
		{94EF746A-075A-47B6-8E03-66CA8A594D9E}.Release|Any CPU.ActiveCfg = Release|Any CPU
		{94EF746A-075A-47B6-8E03-66CA8A594D9E}.Release|Any CPU.Build.0 = Release|Any CPU
	EndGlobalSection
	GlobalSection(SolutionProperties) = preSolution
		HideSolutionNode = FALSE
	EndGlobalSection
	GlobalSection(ExtensibilityGlobals) = postSolution
		SolutionGuid = {6B1B9A65-F28C-4EFD-9B38-CF3F67D8AE4D}
	EndGlobalSection
EndGlobal
