
Microsoft Visual Studio Solution File, Format Version 12.00
# Visual Studio Version 17
VisualStudioVersion = 17.8.34330.188
MinimumVisualStudioVersion = 10.0.40219.1
Project("{FAE04EC0-301F-11D3-BF4B-00C04F79EFBC}") = "bai8", "bai8\bai8.csproj", "{23BB27B2-32B7-4804-AAB4-E8CF71AB7D85}"
EndProject
Global
	GlobalSection(SolutionConfigurationPlatforms) = preSolution
		Debug|Any CPU = Debug|Any CPU
		Release|Any CPU = Release|Any CPU
	EndGlobalSection
	GlobalSection(ProjectConfigurationPlatforms) = postSolution
		{23BB27B2-32B7-4804-AAB4-E8CF71AB7D85}.Debug|Any CPU.ActiveCfg = Debug|Any CPU
		{23BB27B2-32B7-4804-AAB4-E8CF71AB7D85}.Debug|Any CPU.Build.0 = Debug|Any CPU
		{23BB27B2-32B7-4804-AAB4-E8CF71AB7D85}.Release|Any CPU.ActiveCfg = Release|Any CPU
		{23BB27B2-32B7-4804-AAB4-E8CF71AB7D85}.Release|Any CPU.Build.0 = Release|Any CPU
	EndGlobalSection
	GlobalSection(SolutionProperties) = preSolution
		HideSolutionNode = FALSE
	EndGlobalSection
	GlobalSection(ExtensibilityGlobals) = postSolution
		SolutionGuid = {0FC84CCE-2B13-458B-B455-733AD3C712EA}
	EndGlobalSection
EndGlobal
