
Microsoft Visual Studio Solution File, Format Version 12.00
# Visual Studio Version 17
VisualStudioVersion = 17.8.34330.188
MinimumVisualStudioVersion = 10.0.40219.1
Project("{FAE04EC0-301F-11D3-BF4B-00C04F79EFBC}") = "b3", "b3\b3.csproj", "{36106103-BC15-4DF7-939B-A966CA441F4A}"
EndProject
Global
	GlobalSection(SolutionConfigurationPlatforms) = preSolution
		Debug|Any CPU = Debug|Any CPU
		Release|Any CPU = Release|Any CPU
	EndGlobalSection
	GlobalSection(ProjectConfigurationPlatforms) = postSolution
		{36106103-BC15-4DF7-939B-A966CA441F4A}.Debug|Any CPU.ActiveCfg = Debug|Any CPU
		{36106103-BC15-4DF7-939B-A966CA441F4A}.Debug|Any CPU.Build.0 = Debug|Any CPU
		{36106103-BC15-4DF7-939B-A966CA441F4A}.Release|Any CPU.ActiveCfg = Release|Any CPU
		{36106103-BC15-4DF7-939B-A966CA441F4A}.Release|Any CPU.Build.0 = Release|Any CPU
	EndGlobalSection
	GlobalSection(SolutionProperties) = preSolution
		HideSolutionNode = FALSE
	EndGlobalSection
	GlobalSection(ExtensibilityGlobals) = postSolution
		SolutionGuid = {1706B009-3688-4938-AAFB-7D351703203F}
	EndGlobalSection
EndGlobal
