
Microsoft Visual Studio Solution File, Format Version 12.00
# Visual Studio Version 17
VisualStudioVersion = 17.8.34330.188
MinimumVisualStudioVersion = 10.0.40219.1
Project("{FAE04EC0-301F-11D3-BF4B-00C04F79EFBC}") = "bai5", "bai5\bai5.csproj", "{017F50F0-342F-4A6A-B7EC-9BB960FD74C0}"
EndProject
Global
	GlobalSection(SolutionConfigurationPlatforms) = preSolution
		Debug|Any CPU = Debug|Any CPU
		Release|Any CPU = Release|Any CPU
	EndGlobalSection
	GlobalSection(ProjectConfigurationPlatforms) = postSolution
		{017F50F0-342F-4A6A-B7EC-9BB960FD74C0}.Debug|Any CPU.ActiveCfg = Debug|Any CPU
		{017F50F0-342F-4A6A-B7EC-9BB960FD74C0}.Debug|Any CPU.Build.0 = Debug|Any CPU
		{017F50F0-342F-4A6A-B7EC-9BB960FD74C0}.Release|Any CPU.ActiveCfg = Release|Any CPU
		{017F50F0-342F-4A6A-B7EC-9BB960FD74C0}.Release|Any CPU.Build.0 = Release|Any CPU
	EndGlobalSection
	GlobalSection(SolutionProperties) = preSolution
		HideSolutionNode = FALSE
	EndGlobalSection
	GlobalSection(ExtensibilityGlobals) = postSolution
		SolutionGuid = {D858FDF5-A7D9-47FE-A169-4CD7650451B0}
	EndGlobalSection
EndGlobal
