
Microsoft Visual Studio Solution File, Format Version 12.00
# Visual Studio Version 17
VisualStudioVersion = 17.8.34330.188
MinimumVisualStudioVersion = 10.0.40219.1
Project("{FAE04EC0-301F-11D3-BF4B-00C04F79EFBC}") = "bai4", "bai4\bai4.csproj", "{5F432EBB-9704-40A6-B05D-DCEA28FCEC5B}"
EndProject
Global
	GlobalSection(SolutionConfigurationPlatforms) = preSolution
		Debug|Any CPU = Debug|Any CPU
		Release|Any CPU = Release|Any CPU
	EndGlobalSection
	GlobalSection(ProjectConfigurationPlatforms) = postSolution
		{5F432EBB-9704-40A6-B05D-DCEA28FCEC5B}.Debug|Any CPU.ActiveCfg = Debug|Any CPU
		{5F432EBB-9704-40A6-B05D-DCEA28FCEC5B}.Debug|Any CPU.Build.0 = Debug|Any CPU
		{5F432EBB-9704-40A6-B05D-DCEA28FCEC5B}.Release|Any CPU.ActiveCfg = Release|Any CPU
		{5F432EBB-9704-40A6-B05D-DCEA28FCEC5B}.Release|Any CPU.Build.0 = Release|Any CPU
	EndGlobalSection
	GlobalSection(SolutionProperties) = preSolution
		HideSolutionNode = FALSE
	EndGlobalSection
	GlobalSection(ExtensibilityGlobals) = postSolution
		SolutionGuid = {A1E6C258-44B5-43F3-A0A7-6E2ADA9DCF81}
	EndGlobalSection
EndGlobal
