
Microsoft Visual Studio Solution File, Format Version 12.00
# Visual Studio Version 17
VisualStudioVersion = 17.8.34330.188
MinimumVisualStudioVersion = 10.0.40219.1
Project("{FAE04EC0-301F-11D3-BF4B-00C04F79EFBC}") = "bai7", "bai7\bai7.csproj", "{AF965FB7-7F46-494D-9092-2606D4738962}"
EndProject
Global
	GlobalSection(SolutionConfigurationPlatforms) = preSolution
		Debug|Any CPU = Debug|Any CPU
		Release|Any CPU = Release|Any CPU
	EndGlobalSection
	GlobalSection(ProjectConfigurationPlatforms) = postSolution
		{AF965FB7-7F46-494D-9092-2606D4738962}.Debug|Any CPU.ActiveCfg = Debug|Any CPU
		{AF965FB7-7F46-494D-9092-2606D4738962}.Debug|Any CPU.Build.0 = Debug|Any CPU
		{AF965FB7-7F46-494D-9092-2606D4738962}.Release|Any CPU.ActiveCfg = Release|Any CPU
		{AF965FB7-7F46-494D-9092-2606D4738962}.Release|Any CPU.Build.0 = Release|Any CPU
	EndGlobalSection
	GlobalSection(SolutionProperties) = preSolution
		HideSolutionNode = FALSE
	EndGlobalSection
	GlobalSection(ExtensibilityGlobals) = postSolution
		SolutionGuid = {8562607B-F4BB-47DD-AFC7-12E3A2B044C2}
	EndGlobalSection
EndGlobal
